
Microsoft Visual Studio Solution File, Format Version 12.00
# Visual Studio Version 17
VisualStudioVersion = 17.11.35327.3
MinimumVisualStudioVersion = 10.0.40219.1
Project("{FAE04EC0-301F-11D3-BF4B-00C04F79EFBC}") = "Angular2WebAPI", "Angular2WebAPI.csproj", "{F75078AE-7A82-4D1A-8AB3-963C68B6B2AB}"
EndProject
Global
	GlobalSection(SolutionConfigurationPlatforms) = preSolution
		Debug|Any CPU = Debug|Any CPU
		Release|Any CPU = Release|Any CPU
	EndGlobalSection
	GlobalSection(ProjectConfigurationPlatforms) = postSolution
		{F75078AE-7A82-4D1A-8AB3-963C68B6B2AB}.Debug|Any CPU.ActiveCfg = Debug|Any CPU
		{F75078AE-7A82-4D1A-8AB3-963C68B6B2AB}.Debug|Any CPU.Build.0 = Debug|Any CPU
		{F75078AE-7A82-4D1A-8AB3-963C68B6B2AB}.Release|Any CPU.ActiveCfg = Release|Any CPU
		{F75078AE-7A82-4D1A-8AB3-963C68B6B2AB}.Release|Any CPU.Build.0 = Release|Any CPU
	EndGlobalSection
	GlobalSection(SolutionProperties) = preSolution
		HideSolutionNode = FALSE
	EndGlobalSection
	GlobalSection(ExtensibilityGlobals) = postSolution
		SolutionGuid = {7CBD27F6-0BDC-4C38-84F0-6E6D955F586C}
	EndGlobalSection
EndGlobal
